
Microsoft Visual Studio Solution File, Format Version 12.00
# Visual Studio 15
VisualStudioVersion = 15.0.27703.2035
MinimumVisualStudioVersion = 10.0.40219.1
Project("{FAE04EC0-301F-11D3-BF4B-00C04F79EFBC}") = "OOPSProject", "OOPSProject\OOPSProject.csproj", "{D3A76838-16E2-49DD-A63F-03F7DF5172F5}"
EndProject
Global
	GlobalSection(SolutionConfigurationPlatforms) = preSolution
		Debug|Any CPU = Debug|Any CPU
		Release|Any CPU = Release|Any CPU
	EndGlobalSection
	GlobalSection(ProjectConfigurationPlatforms) = postSolution
		{D3A76838-16E2-49DD-A63F-03F7DF5172F5}.Debug|Any CPU.ActiveCfg = Debug|Any CPU
		{D3A76838-16E2-49DD-A63F-03F7DF5172F5}.Debug|Any CPU.Build.0 = Debug|Any CPU
		{D3A76838-16E2-49DD-A63F-03F7DF5172F5}.Release|Any CPU.ActiveCfg = Release|Any CPU
		{D3A76838-16E2-49DD-A63F-03F7DF5172F5}.Release|Any CPU.Build.0 = Release|Any CPU
	EndGlobalSection
	GlobalSection(SolutionProperties) = preSolution
		HideSolutionNode = FALSE
	EndGlobalSection
	GlobalSection(ExtensibilityGlobals) = postSolution
		SolutionGuid = {650C47E9-5E8A-4DA5-A1D8-86B2A21AD3EA}
	EndGlobalSection
EndGlobal
